
Microsoft Visual Studio Solution File, Format Version 12.00
# Visual Studio Version 17
VisualStudioVersion = 17.7.34202.233
MinimumVisualStudioVersion = 10.0.40219.1
Project("{9A19103F-16F7-4668-BE54-9A1E7A4F7556}") = "DesafioProjetoHospedagem", "DesafioProjetoHospedagem.csproj", "{A5CA1639-C5BF-4FDA-A1F9-52F60A01AA07}"
EndProject
Global
	GlobalSection(SolutionConfigurationPlatforms) = preSolution
		Debug|Any CPU = Debug|Any CPU
		Release|Any CPU = Release|Any CPU
	EndGlobalSection
	GlobalSection(ProjectConfigurationPlatforms) = postSolution
		{A5CA1639-C5BF-4FDA-A1F9-52F60A01AA07}.Debug|Any CPU.ActiveCfg = Debug|Any CPU
		{A5CA1639-C5BF-4FDA-A1F9-52F60A01AA07}.Debug|Any CPU.Build.0 = Debug|Any CPU
		{A5CA1639-C5BF-4FDA-A1F9-52F60A01AA07}.Release|Any CPU.ActiveCfg = Release|Any CPU
		{A5CA1639-C5BF-4FDA-A1F9-52F60A01AA07}.Release|Any CPU.Build.0 = Release|Any CPU
	EndGlobalSection
	GlobalSection(SolutionProperties) = preSolution
		HideSolutionNode = FALSE
	EndGlobalSection
	GlobalSection(ExtensibilityGlobals) = postSolution
		SolutionGuid = {C36A49F6-4EF2-4F0B-859C-08E0825847D0}
	EndGlobalSection
EndGlobal
